
Microsoft Visual Studio Solution File, Format Version 12.00
# Visual Studio Version 17
VisualStudioVersion = 17.10.35201.131
MinimumVisualStudioVersion = 10.0.40219.1
Project("{FAE04EC0-301F-11D3-BF4B-00C04F79EFBC}") = "EncapsulationPratik", "EncapsulationPratik\EncapsulationPratik.csproj", "{92344B29-A805-4544-820B-2178418EA9CE}"
EndProject
Global
	GlobalSection(SolutionConfigurationPlatforms) = preSolution
		Debug|Any CPU = Debug|Any CPU
		Release|Any CPU = Release|Any CPU
	EndGlobalSection
	GlobalSection(ProjectConfigurationPlatforms) = postSolution
		{92344B29-A805-4544-820B-2178418EA9CE}.Debug|Any CPU.ActiveCfg = Debug|Any CPU
		{92344B29-A805-4544-820B-2178418EA9CE}.Debug|Any CPU.Build.0 = Debug|Any CPU
		{92344B29-A805-4544-820B-2178418EA9CE}.Release|Any CPU.ActiveCfg = Release|Any CPU
		{92344B29-A805-4544-820B-2178418EA9CE}.Release|Any CPU.Build.0 = Release|Any CPU
	EndGlobalSection
	GlobalSection(SolutionProperties) = preSolution
		HideSolutionNode = FALSE
	EndGlobalSection
	GlobalSection(ExtensibilityGlobals) = postSolution
		SolutionGuid = {23EE1042-F6D9-4E46-AE74-F8E6CFE6C2BC}
	EndGlobalSection
EndGlobal
